
Microsoft Visual Studio Solution File, Format Version 11.00
# Visual C++ Express 2010
Project("{8BC9CEB8-8B4A-11D0-8D11-00A0C91BC942}") = "ExpertSample", "ExpertSample\ExpertSample.vcxproj", "{376917B0-A5D5-47C8-A8F2-6506420E862E}"
EndProject
Project("{8BC9CEB8-8B4A-11D0-8D11-00A0C91BC942}") = "gsodbc_src", "gsodbc_src\gsodbc_src.vcxproj", "{8CAEF47F-1CBD-4909-A16B-9182A5D66A46}"
EndProject
Project("{8BC9CEB8-8B4A-11D0-8D11-00A0C91BC942}") = "gsodbc_demo", "gsodbc_demo\gsodbc_demo.vcxproj", "{CFEF8974-0FBF-47DE-BD0A-17E31372BEC5}"
	ProjectSection(ProjectDependencies) = postProject
		{8CAEF47F-1CBD-4909-A16B-9182A5D66A46} = {8CAEF47F-1CBD-4909-A16B-9182A5D66A46}
	EndProjectSection
EndProject
Project("{8BC9CEB8-8B4A-11D0-8D11-00A0C91BC942}") = "MT4ODBCBridge", "MT4ODBCBridge\MT4ODBCBridge.vcxproj", "{F0D71ADC-9BB8-48FD-8C13-10D992AAA216}"
EndProject
Project("{8BC9CEB8-8B4A-11D0-8D11-00A0C91BC942}") = "MT4ODBCBridgeTest", "MT4ODBCBridgeTest\MT4ODBCBridgeTest.vcxproj", "{E6BEC30D-6D84-4C81-82CF-BF92AA588439}"
	ProjectSection(ProjectDependencies) = postProject
		{F0D71ADC-9BB8-48FD-8C13-10D992AAA216} = {F0D71ADC-9BB8-48FD-8C13-10D992AAA216}
	EndProjectSection
EndProject
Global
	GlobalSection(SolutionConfigurationPlatforms) = preSolution
		Debug|Win32 = Debug|Win32
		Release|Win32 = Release|Win32
	EndGlobalSection
	GlobalSection(ProjectConfigurationPlatforms) = postSolution
		{376917B0-A5D5-47C8-A8F2-6506420E862E}.Debug|Win32.ActiveCfg = Debug|Win32
		{376917B0-A5D5-47C8-A8F2-6506420E862E}.Debug|Win32.Build.0 = Debug|Win32
		{376917B0-A5D5-47C8-A8F2-6506420E862E}.Release|Win32.ActiveCfg = Release|Win32
		{376917B0-A5D5-47C8-A8F2-6506420E862E}.Release|Win32.Build.0 = Release|Win32
		{8CAEF47F-1CBD-4909-A16B-9182A5D66A46}.Debug|Win32.ActiveCfg = Debug|Win32
		{8CAEF47F-1CBD-4909-A16B-9182A5D66A46}.Debug|Win32.Build.0 = Debug|Win32
		{8CAEF47F-1CBD-4909-A16B-9182A5D66A46}.Release|Win32.ActiveCfg = Release|Win32
		{8CAEF47F-1CBD-4909-A16B-9182A5D66A46}.Release|Win32.Build.0 = Release|Win32
		{CFEF8974-0FBF-47DE-BD0A-17E31372BEC5}.Debug|Win32.ActiveCfg = Debug|Win32
		{CFEF8974-0FBF-47DE-BD0A-17E31372BEC5}.Debug|Win32.Build.0 = Debug|Win32
		{CFEF8974-0FBF-47DE-BD0A-17E31372BEC5}.Release|Win32.ActiveCfg = Release|Win32
		{CFEF8974-0FBF-47DE-BD0A-17E31372BEC5}.Release|Win32.Build.0 = Release|Win32
		{F0D71ADC-9BB8-48FD-8C13-10D992AAA216}.Debug|Win32.ActiveCfg = Debug|Win32
		{F0D71ADC-9BB8-48FD-8C13-10D992AAA216}.Debug|Win32.Build.0 = Debug|Win32
		{F0D71ADC-9BB8-48FD-8C13-10D992AAA216}.Release|Win32.ActiveCfg = Release|Win32
		{F0D71ADC-9BB8-48FD-8C13-10D992AAA216}.Release|Win32.Build.0 = Release|Win32
		{E6BEC30D-6D84-4C81-82CF-BF92AA588439}.Debug|Win32.ActiveCfg = Debug|Win32
		{E6BEC30D-6D84-4C81-82CF-BF92AA588439}.Debug|Win32.Build.0 = Debug|Win32
		{E6BEC30D-6D84-4C81-82CF-BF92AA588439}.Release|Win32.ActiveCfg = Release|Win32
		{E6BEC30D-6D84-4C81-82CF-BF92AA588439}.Release|Win32.Build.0 = Release|Win32
	EndGlobalSection
	GlobalSection(SolutionProperties) = preSolution
		HideSolutionNode = FALSE
	EndGlobalSection
EndGlobal
